
Microsoft Visual Studio Solution File, Format Version 12.00
# Visual Studio 15
VisualStudioVersion = 15.0.28307.489
MinimumVisualStudioVersion = 10.0.40219.1
Project("{FAE04EC0-301F-11D3-BF4B-00C04F79EFBC}") = "SharpRustBitcoin", "SharpRustBitcoin\SharpRustBitcoin.csproj", "{23B1A4CC-C51C-4EA8-BB78-76905EE6D982}"
EndProject
Project("{FAE04EC0-301F-11D3-BF4B-00C04F79EFBC}") = "SharpRustBitcoin.Tests", "SharpRustBitcoin.Tests\SharpRustBitcoin.Tests.csproj", "{293B63AA-D078-45EF-9FF7-2D86A87A3CA2}"
EndProject
Global
	GlobalSection(SolutionConfigurationPlatforms) = preSolution
		Debug|Any CPU = Debug|Any CPU
		Release|Any CPU = Release|Any CPU
	EndGlobalSection
	GlobalSection(ProjectConfigurationPlatforms) = postSolution
		{23B1A4CC-C51C-4EA8-BB78-76905EE6D982}.Debug|Any CPU.ActiveCfg = Debug|Any CPU
		{23B1A4CC-C51C-4EA8-BB78-76905EE6D982}.Debug|Any CPU.Build.0 = Debug|Any CPU
		{23B1A4CC-C51C-4EA8-BB78-76905EE6D982}.Release|Any CPU.ActiveCfg = Release|Any CPU
		{23B1A4CC-C51C-4EA8-BB78-76905EE6D982}.Release|Any CPU.Build.0 = Release|Any CPU
		{293B63AA-D078-45EF-9FF7-2D86A87A3CA2}.Debug|Any CPU.ActiveCfg = Debug|Any CPU
		{293B63AA-D078-45EF-9FF7-2D86A87A3CA2}.Debug|Any CPU.Build.0 = Debug|Any CPU
		{293B63AA-D078-45EF-9FF7-2D86A87A3CA2}.Release|Any CPU.ActiveCfg = Release|Any CPU
		{293B63AA-D078-45EF-9FF7-2D86A87A3CA2}.Release|Any CPU.Build.0 = Release|Any CPU
	EndGlobalSection
	GlobalSection(SolutionProperties) = preSolution
		HideSolutionNode = FALSE
	EndGlobalSection
	GlobalSection(ExtensibilityGlobals) = postSolution
		SolutionGuid = {1F12F564-4F2F-47AF-BC7F-F4CAFF440BB2}
	EndGlobalSection
EndGlobal
